
Microsoft Visual Studio Solution File, Format Version 12.00
# Visual Studio 2012
Project("{FAE04EC0-301F-11D3-BF4B-00C04F79EFBC}") = "MinMVC", "MinMVC\MinMVC.csproj", "{D18031DB-9DA5-4204-A38C-6453A0608F28}"
EndProject
Global
	GlobalSection(SolutionConfigurationPlatforms) = preSolution
		Debug|Any CPU = Debug|Any CPU
		Release|Any CPU = Release|Any CPU
	EndGlobalSection
	GlobalSection(ProjectConfigurationPlatforms) = postSolution
		{D18031DB-9DA5-4204-A38C-6453A0608F28}.Debug|Any CPU.ActiveCfg = Debug|Any CPU
		{D18031DB-9DA5-4204-A38C-6453A0608F28}.Debug|Any CPU.Build.0 = Debug|Any CPU
		{D18031DB-9DA5-4204-A38C-6453A0608F28}.Release|Any CPU.ActiveCfg = Release|Any CPU
		{D18031DB-9DA5-4204-A38C-6453A0608F28}.Release|Any CPU.Build.0 = Release|Any CPU
	EndGlobalSection
	GlobalSection(SolutionProperties) = preSolution
		HideSolutionNode = FALSE
	EndGlobalSection
EndGlobal
